
Microsoft Visual Studio Solution File, Format Version 12.00
# Visual Studio Version 16
VisualStudioVersion = 16.0.32106.194
MinimumVisualStudioVersion = 10.0.40219.1
Project("{8BC9CEB8-8B4A-11D0-8D11-00A0C91BC942}") = "hailstone", "hailstone.vcxproj", "{3461A860-189F-42DD-A45F-514072FC34C2}"
EndProject
Global
	GlobalSection(SolutionConfigurationPlatforms) = preSolution
		Debug|x64 = Debug|x64
		Debug|x86 = Debug|x86
		Release|x64 = Release|x64
		Release|x86 = Release|x86
	EndGlobalSection
	GlobalSection(ProjectConfigurationPlatforms) = postSolution
		{3461A860-189F-42DD-A45F-514072FC34C2}.Debug|x64.ActiveCfg = Debug|x64
		{3461A860-189F-42DD-A45F-514072FC34C2}.Debug|x64.Build.0 = Debug|x64
		{3461A860-189F-42DD-A45F-514072FC34C2}.Debug|x86.ActiveCfg = Debug|Win32
		{3461A860-189F-42DD-A45F-514072FC34C2}.Debug|x86.Build.0 = Debug|Win32
		{3461A860-189F-42DD-A45F-514072FC34C2}.Release|x64.ActiveCfg = Release|x64
		{3461A860-189F-42DD-A45F-514072FC34C2}.Release|x64.Build.0 = Release|x64
		{3461A860-189F-42DD-A45F-514072FC34C2}.Release|x86.ActiveCfg = Release|Win32
		{3461A860-189F-42DD-A45F-514072FC34C2}.Release|x86.Build.0 = Release|Win32
	EndGlobalSection
	GlobalSection(SolutionProperties) = preSolution
		HideSolutionNode = FALSE
	EndGlobalSection
	GlobalSection(ExtensibilityGlobals) = postSolution
		SolutionGuid = {455DA9A9-FDFE-415E-8FF2-C0573D51DB87}
	EndGlobalSection
EndGlobal
