
Microsoft Visual Studio Solution File, Format Version 12.00
# Visual Studio Version 16
VisualStudioVersion = 16.0.32106.194
MinimumVisualStudioVersion = 10.0.40219.1
Project("{8BC9CEB8-8B4A-11D0-8D11-00A0C91BC942}") = "es3", "es3.vcxproj", "{A84475B7-F845-466E-9FDC-D5F6BE7833DB}"
EndProject
Global
	GlobalSection(SolutionConfigurationPlatforms) = preSolution
		Debug|x64 = Debug|x64
		Debug|x86 = Debug|x86
		Release|x64 = Release|x64
		Release|x86 = Release|x86
	EndGlobalSection
	GlobalSection(ProjectConfigurationPlatforms) = postSolution
		{A84475B7-F845-466E-9FDC-D5F6BE7833DB}.Debug|x64.ActiveCfg = Debug|x64
		{A84475B7-F845-466E-9FDC-D5F6BE7833DB}.Debug|x64.Build.0 = Debug|x64
		{A84475B7-F845-466E-9FDC-D5F6BE7833DB}.Debug|x86.ActiveCfg = Debug|Win32
		{A84475B7-F845-466E-9FDC-D5F6BE7833DB}.Debug|x86.Build.0 = Debug|Win32
		{A84475B7-F845-466E-9FDC-D5F6BE7833DB}.Release|x64.ActiveCfg = Release|x64
		{A84475B7-F845-466E-9FDC-D5F6BE7833DB}.Release|x64.Build.0 = Release|x64
		{A84475B7-F845-466E-9FDC-D5F6BE7833DB}.Release|x86.ActiveCfg = Release|Win32
		{A84475B7-F845-466E-9FDC-D5F6BE7833DB}.Release|x86.Build.0 = Release|Win32
	EndGlobalSection
	GlobalSection(SolutionProperties) = preSolution
		HideSolutionNode = FALSE
	EndGlobalSection
	GlobalSection(ExtensibilityGlobals) = postSolution
		SolutionGuid = {8D119FD5-48AA-4EBC-9469-1F355A38AAD8}
	EndGlobalSection
EndGlobal
