
Microsoft Visual Studio Solution File, Format Version 12.00
# Visual Studio Version 16
VisualStudioVersion = 16.0.32106.194
MinimumVisualStudioVersion = 10.0.40219.1
Project("{8BC9CEB8-8B4A-11D0-8D11-00A0C91BC942}") = "es2", "es2.vcxproj", "{227016DD-CA32-4BD7-9431-792C2DB7E5CD}"
EndProject
Global
	GlobalSection(SolutionConfigurationPlatforms) = preSolution
		Debug|x64 = Debug|x64
		Debug|x86 = Debug|x86
		Release|x64 = Release|x64
		Release|x86 = Release|x86
	EndGlobalSection
	GlobalSection(ProjectConfigurationPlatforms) = postSolution
		{227016DD-CA32-4BD7-9431-792C2DB7E5CD}.Debug|x64.ActiveCfg = Debug|x64
		{227016DD-CA32-4BD7-9431-792C2DB7E5CD}.Debug|x64.Build.0 = Debug|x64
		{227016DD-CA32-4BD7-9431-792C2DB7E5CD}.Debug|x86.ActiveCfg = Debug|Win32
		{227016DD-CA32-4BD7-9431-792C2DB7E5CD}.Debug|x86.Build.0 = Debug|Win32
		{227016DD-CA32-4BD7-9431-792C2DB7E5CD}.Release|x64.ActiveCfg = Release|x64
		{227016DD-CA32-4BD7-9431-792C2DB7E5CD}.Release|x64.Build.0 = Release|x64
		{227016DD-CA32-4BD7-9431-792C2DB7E5CD}.Release|x86.ActiveCfg = Release|Win32
		{227016DD-CA32-4BD7-9431-792C2DB7E5CD}.Release|x86.Build.0 = Release|Win32
	EndGlobalSection
	GlobalSection(SolutionProperties) = preSolution
		HideSolutionNode = FALSE
	EndGlobalSection
	GlobalSection(ExtensibilityGlobals) = postSolution
		SolutionGuid = {F484171F-95B8-4595-9C76-D041FEC04EA4}
	EndGlobalSection
EndGlobal
