
Microsoft Visual Studio Solution File, Format Version 12.00
# Visual Studio Version 16
VisualStudioVersion = 16.0.32106.194
MinimumVisualStudioVersion = 10.0.40219.1
Project("{8BC9CEB8-8B4A-11D0-8D11-00A0C91BC942}") = "es4", "es4.vcxproj", "{FF59B165-0D93-476E-B6A3-8000548DEBB1}"
EndProject
Global
	GlobalSection(SolutionConfigurationPlatforms) = preSolution
		Debug|x64 = Debug|x64
		Debug|x86 = Debug|x86
		Release|x64 = Release|x64
		Release|x86 = Release|x86
	EndGlobalSection
	GlobalSection(ProjectConfigurationPlatforms) = postSolution
		{FF59B165-0D93-476E-B6A3-8000548DEBB1}.Debug|x64.ActiveCfg = Debug|x64
		{FF59B165-0D93-476E-B6A3-8000548DEBB1}.Debug|x64.Build.0 = Debug|x64
		{FF59B165-0D93-476E-B6A3-8000548DEBB1}.Debug|x86.ActiveCfg = Debug|Win32
		{FF59B165-0D93-476E-B6A3-8000548DEBB1}.Debug|x86.Build.0 = Debug|Win32
		{FF59B165-0D93-476E-B6A3-8000548DEBB1}.Release|x64.ActiveCfg = Release|x64
		{FF59B165-0D93-476E-B6A3-8000548DEBB1}.Release|x64.Build.0 = Release|x64
		{FF59B165-0D93-476E-B6A3-8000548DEBB1}.Release|x86.ActiveCfg = Release|Win32
		{FF59B165-0D93-476E-B6A3-8000548DEBB1}.Release|x86.Build.0 = Release|Win32
	EndGlobalSection
	GlobalSection(SolutionProperties) = preSolution
		HideSolutionNode = FALSE
	EndGlobalSection
	GlobalSection(ExtensibilityGlobals) = postSolution
		SolutionGuid = {FA5D0D52-E750-481F-ADD4-4CD9732E0B3C}
	EndGlobalSection
EndGlobal
