
Microsoft Visual Studio Solution File, Format Version 12.00
# Visual Studio Version 16
VisualStudioVersion = 16.0.32106.194
MinimumVisualStudioVersion = 10.0.40219.1
Project("{8BC9CEB8-8B4A-11D0-8D11-00A0C91BC942}") = "strip_comments", "strip_comments.vcxproj", "{8AD14160-37F8-4B70-AEB9-8128C4AEDBEF}"
EndProject
Global
	GlobalSection(SolutionConfigurationPlatforms) = preSolution
		Debug|x64 = Debug|x64
		Debug|x86 = Debug|x86
		Release|x64 = Release|x64
		Release|x86 = Release|x86
	EndGlobalSection
	GlobalSection(ProjectConfigurationPlatforms) = postSolution
		{8AD14160-37F8-4B70-AEB9-8128C4AEDBEF}.Debug|x64.ActiveCfg = Debug|x64
		{8AD14160-37F8-4B70-AEB9-8128C4AEDBEF}.Debug|x64.Build.0 = Debug|x64
		{8AD14160-37F8-4B70-AEB9-8128C4AEDBEF}.Debug|x86.ActiveCfg = Debug|Win32
		{8AD14160-37F8-4B70-AEB9-8128C4AEDBEF}.Debug|x86.Build.0 = Debug|Win32
		{8AD14160-37F8-4B70-AEB9-8128C4AEDBEF}.Release|x64.ActiveCfg = Release|x64
		{8AD14160-37F8-4B70-AEB9-8128C4AEDBEF}.Release|x64.Build.0 = Release|x64
		{8AD14160-37F8-4B70-AEB9-8128C4AEDBEF}.Release|x86.ActiveCfg = Release|Win32
		{8AD14160-37F8-4B70-AEB9-8128C4AEDBEF}.Release|x86.Build.0 = Release|Win32
	EndGlobalSection
	GlobalSection(SolutionProperties) = preSolution
		HideSolutionNode = FALSE
	EndGlobalSection
	GlobalSection(ExtensibilityGlobals) = postSolution
		SolutionGuid = {29757304-A892-4D22-912D-6F316596E7CD}
	EndGlobalSection
EndGlobal
