
Microsoft Visual Studio Solution File, Format Version 12.00
# Visual Studio Version 16
VisualStudioVersion = 16.0.32106.194
MinimumVisualStudioVersion = 10.0.40219.1
Project("{8BC9CEB8-8B4A-11D0-8D11-00A0C91BC942}") = "es5", "es5.vcxproj", "{7A297949-06C9-48EC-8E81-86DE4B48F1B7}"
EndProject
Global
	GlobalSection(SolutionConfigurationPlatforms) = preSolution
		Debug|x64 = Debug|x64
		Debug|x86 = Debug|x86
		Release|x64 = Release|x64
		Release|x86 = Release|x86
	EndGlobalSection
	GlobalSection(ProjectConfigurationPlatforms) = postSolution
		{7A297949-06C9-48EC-8E81-86DE4B48F1B7}.Debug|x64.ActiveCfg = Debug|x64
		{7A297949-06C9-48EC-8E81-86DE4B48F1B7}.Debug|x64.Build.0 = Debug|x64
		{7A297949-06C9-48EC-8E81-86DE4B48F1B7}.Debug|x86.ActiveCfg = Debug|Win32
		{7A297949-06C9-48EC-8E81-86DE4B48F1B7}.Debug|x86.Build.0 = Debug|Win32
		{7A297949-06C9-48EC-8E81-86DE4B48F1B7}.Release|x64.ActiveCfg = Release|x64
		{7A297949-06C9-48EC-8E81-86DE4B48F1B7}.Release|x64.Build.0 = Release|x64
		{7A297949-06C9-48EC-8E81-86DE4B48F1B7}.Release|x86.ActiveCfg = Release|Win32
		{7A297949-06C9-48EC-8E81-86DE4B48F1B7}.Release|x86.Build.0 = Release|Win32
	EndGlobalSection
	GlobalSection(SolutionProperties) = preSolution
		HideSolutionNode = FALSE
	EndGlobalSection
	GlobalSection(ExtensibilityGlobals) = postSolution
		SolutionGuid = {B09B3C59-AF92-4822-AE73-35528B44F22E}
	EndGlobalSection
EndGlobal
