
Microsoft Visual Studio Solution File, Format Version 12.00
# Visual Studio Version 16
VisualStudioVersion = 16.0.32106.194
MinimumVisualStudioVersion = 10.0.40219.1
Project("{8BC9CEB8-8B4A-11D0-8D11-00A0C91BC942}") = "es1", "es1.vcxproj", "{EB87D58C-00A3-44C2-9A44-3FE0C15D76F6}"
EndProject
Global
	GlobalSection(SolutionConfigurationPlatforms) = preSolution
		Debug|x64 = Debug|x64
		Debug|x86 = Debug|x86
		Release|x64 = Release|x64
		Release|x86 = Release|x86
	EndGlobalSection
	GlobalSection(ProjectConfigurationPlatforms) = postSolution
		{EB87D58C-00A3-44C2-9A44-3FE0C15D76F6}.Debug|x64.ActiveCfg = Debug|x64
		{EB87D58C-00A3-44C2-9A44-3FE0C15D76F6}.Debug|x64.Build.0 = Debug|x64
		{EB87D58C-00A3-44C2-9A44-3FE0C15D76F6}.Debug|x86.ActiveCfg = Debug|Win32
		{EB87D58C-00A3-44C2-9A44-3FE0C15D76F6}.Debug|x86.Build.0 = Debug|Win32
		{EB87D58C-00A3-44C2-9A44-3FE0C15D76F6}.Release|x64.ActiveCfg = Release|x64
		{EB87D58C-00A3-44C2-9A44-3FE0C15D76F6}.Release|x64.Build.0 = Release|x64
		{EB87D58C-00A3-44C2-9A44-3FE0C15D76F6}.Release|x86.ActiveCfg = Release|Win32
		{EB87D58C-00A3-44C2-9A44-3FE0C15D76F6}.Release|x86.Build.0 = Release|Win32
	EndGlobalSection
	GlobalSection(SolutionProperties) = preSolution
		HideSolutionNode = FALSE
	EndGlobalSection
	GlobalSection(ExtensibilityGlobals) = postSolution
		SolutionGuid = {C9BD53FF-04F9-4086-9330-DB0A3914FCF4}
	EndGlobalSection
EndGlobal
